// !$*UTF8*$!
{
	archiveVersion = 1;
	classes = {
	};
	objectVersion = 51;
	objects = {

/* Begin PBXBuildFile section */
		54D33CA7269EEB72004312B1 /* AppDelegate.swift in Sources */ = {isa = PBXBuildFile; fileRef = 54D33CA6269EEB72004312B1 /* AppDelegate.swift */; };
		54D33CA9269EEB72004312B1 /* SceneDelegate.swift in Sources */ = {isa = PBXBuildFile; fileRef = 54D33CA8269EEB72004312B1 /* SceneDelegate.swift */; };
		54D33CAB269EEB72004312B1 /* ViewController.swift in Sources */ = {isa = PBXBuildFile; fileRef = 54D33CAA269EEB72004312B1 /* ViewController.swift */; };
		54D33CAE269EEB72004312B1 /* Main.storyboard in Resources */ = {isa = PBXBuildFile; fileRef = 54D33CAC269EEB72004312B1 /* Main.storyboard */; };
		54D33CB0269EEB76004312B1 /* Assets.xcassets in Resources */ = {isa = PBXBuildFile; fileRef = 54D33CAF269EEB76004312B1 /* Assets.xcassets */; };
		54D33CB3269EEB76004312B1 /* LaunchScreen.storyboard in Resources */ = {isa = PBXBuildFile; fileRef = 54D33CB1269EEB76004312B1 /* LaunchScreen.storyboard */; };
		54D33CBD269EECA0004312B1 /* ModalView.swift in Sources */ = {isa = PBXBuildFile; fileRef = 54D33CBC269EECA0004312B1 /* ModalView.swift */; };
		54D33CBF269EECAD004312B1 /* ModalView.xib in Resources */ = {isa = PBXBuildFile; fileRef = 54D33CBE269EECAD004312B1 /* ModalView.xib */; };
		54D33CC4269EED9D004312B1 /* FSCalendarModel.swift in Sources */ = {isa = PBXBuildFile; fileRef = 54D33CC3269EED9D004312B1 /* FSCalendarModel.swift */; };
		A97986061510C44EE4667ADE /* Pods_HalfCalendarModal.framework in Frameworks */ = {isa = PBXBuildFile; fileRef = 4BCEE142CE5BFEDB057F61D0 /* Pods_HalfCalendarModal.framework */; };
/* End PBXBuildFile section */

/* Begin PBXFileReference section */
		4BCEE142CE5BFEDB057F61D0 /* Pods_HalfCalendarModal.framework */ = {isa = PBXFileReference; explicitFileType = wrapper.framework; includeInIndex = 0; path = Pods_HalfCalendarModal.framework; sourceTree = BUILT_PRODUCTS_DIR; };
		54D33CA3269EEB72004312B1 /* HalfCalendarModal.app */ = {isa = PBXFileReference; explicitFileType = wrapper.application; includeInIndex = 0; path = HalfCalendarModal.app; sourceTree = BUILT_PRODUCTS_DIR; };
		54D33CA6269EEB72004312B1 /* AppDelegate.swift */ = {isa = PBXFileReference; lastKnownFileType = sourcecode.swift; path = AppDelegate.swift; sourceTree = "<group>"; };
		54D33CA8269EEB72004312B1 /* SceneDelegate.swift */ = {isa = PBXFileReference; lastKnownFileType = sourcecode.swift; path = SceneDelegate.swift; sourceTree = "<group>"; };
		54D33CAA269EEB72004312B1 /* ViewController.swift */ = {isa = PBXFileReference; lastKnownFileType = sourcecode.swift; path = ViewController.swift; sourceTree = "<group>"; };
		54D33CAD269EEB72004312B1 /* Base */ = {isa = PBXFileReference; lastKnownFileType = file.storyboard; name = Base; path = Base.lproj/Main.storyboard; sourceTree = "<group>"; };
		54D33CAF269EEB76004312B1 /* Assets.xcassets */ = {isa = PBXFileReference; lastKnownFileType = folder.assetcatalog; path = Assets.xcassets; sourceTree = "<group>"; };
		54D33CB2269EEB76004312B1 /* Base */ = {isa = PBXFileReference; lastKnownFileType = file.storyboard; name = Base; path = Base.lproj/LaunchScreen.storyboard; sourceTree = "<group>"; };
		54D33CB4269EEB76004312B1 /* Info.plist */ = {isa = PBXFileReference; lastKnownFileType = text.plist.xml; path = Info.plist; sourceTree = "<group>"; };
		54D33CBC269EECA0004312B1 /* ModalView.swift */ = {isa = PBXFileReference; lastKnownFileType = sourcecode.swift; path = ModalView.swift; sourceTree = "<group>"; };
		54D33CBE269EECAD004312B1 /* ModalView.xib */ = {isa = PBXFileReference; lastKnownFileType = file.xib; path = ModalView.xib; sourceTree = "<group>"; };
		54D33CC3269EED9D004312B1 /* FSCalendarModel.swift */ = {isa = PBXFileReference; lastKnownFileType = sourcecode.swift; path = FSCalendarModel.swift; sourceTree = "<group>"; };
		CB2EA1FAA04CFC675E2B0ACC /* Pods-HalfCalendarModal.release.xcconfig */ = {isa = PBXFileReference; includeInIndex = 1; lastKnownFileType = text.xcconfig; name = "Pods-HalfCalendarModal.release.xcconfig"; path = "Target Support Files/Pods-HalfCalendarModal/Pods-HalfCalendarModal.release.xcconfig"; sourceTree = "<group>"; };
		D729AF326BC265370D8815AE /* Pods-HalfCalendarModal.debug.xcconfig */ = {isa = PBXFileReference; includeInIndex = 1; lastKnownFileType = text.xcconfig; name = "Pods-HalfCalendarModal.debug.xcconfig"; path = "Target Support Files/Pods-HalfCalendarModal/Pods-HalfCalendarModal.debug.xcconfig"; sourceTree = "<group>"; };
/* End PBXFileReference section */

/* Begin PBXFrameworksBuildPhase section */
		54D33CA0269EEB72004312B1 /* Frameworks */ = {
			isa = PBXFrameworksBuildPhase;
			buildActionMask = 2147483647;
			files = (
				A97986061510C44EE4667ADE /* Pods_HalfCalendarModal.framework in Frameworks */,
			);
			runOnlyForDeploymentPostprocessing = 0;
		};
/* End PBXFrameworksBuildPhase section */

/* Begin PBXGroup section */
		3A83F17D9EF72A0428AB6870 /* Frameworks */ = {
			isa = PBXGroup;
			children = (
				4BCEE142CE5BFEDB057F61D0 /* Pods_HalfCalendarModal.framework */,
			);
			name = Frameworks;
			sourceTree = "<group>";
		};
		54D33C9A269EEB71004312B1 = {
			isa = PBXGroup;
			children = (
				54D33CA5269EEB72004312B1 /* HalfCalendarModal */,
				54D33CA4269EEB72004312B1 /* Products */,
				E23E911850ABDAFF98101A5A /* Pods */,
				3A83F17D9EF72A0428AB6870 /* Frameworks */,
			);
			sourceTree = "<group>";
		};
		54D33CA4269EEB72004312B1 /* Products */ = {
			isa = PBXGroup;
			children = (
				54D33CA3269EEB72004312B1 /* HalfCalendarModal.app */,
			);
			name = Products;
			sourceTree = "<group>";
		};
		54D33CA5269EEB72004312B1 /* HalfCalendarModal */ = {
			isa = PBXGroup;
			children = (
				54D33CA6269EEB72004312B1 /* AppDelegate.swift */,
				54D33CA8269EEB72004312B1 /* SceneDelegate.swift */,
				54D33CC0269EED57004312B1 /* Model */,
				54D33CBB269EEC0B004312B1 /* View */,
				54D33CBA269EEC01004312B1 /* Controller */,
				54D33CB1269EEB76004312B1 /* LaunchScreen.storyboard */,
				54D33CB4269EEB76004312B1 /* Info.plist */,
			);
			path = HalfCalendarModal;
			sourceTree = "<group>";
		};
		54D33CBA269EEC01004312B1 /* Controller */ = {
			isa = PBXGroup;
			children = (
				54D33CAA269EEB72004312B1 /* ViewController.swift */,
			);
			path = Controller;
			sourceTree = "<group>";
		};
		54D33CBB269EEC0B004312B1 /* View */ = {
			isa = PBXGroup;
			children = (
				54D33CAC269EEB72004312B1 /* Main.storyboard */,
				54D33CAF269EEB76004312B1 /* Assets.xcassets */,
				54D33CBC269EECA0004312B1 /* ModalView.swift */,
				54D33CBE269EECAD004312B1 /* ModalView.xib */,
			);
			path = View;
			sourceTree = "<group>";
		};
		54D33CC0269EED57004312B1 /* Model */ = {
			isa = PBXGroup;
			children = (
				54D33CC3269EED9D004312B1 /* FSCalendarModel.swift */,
			);
			path = Model;
			sourceTree = "<group>";
		};
		E23E911850ABDAFF98101A5A /* Pods */ = {
			isa = PBXGroup;
			children = (
				D729AF326BC265370D8815AE /* Pods-HalfCalendarModal.debug.xcconfig */,
				CB2EA1FAA04CFC675E2B0ACC /* Pods-HalfCalendarModal.release.xcconfig */,
			);
			path = Pods;
			sourceTree = "<group>";
		};
/* End PBXGroup section */

/* Begin PBXNativeTarget section */
		54D33CA2269EEB72004312B1 /* HalfCalendarModal */ = {
			isa = PBXNativeTarget;
			buildConfigurationList = 54D33CB7269EEB76004312B1 /* Build configuration list for PBXNativeTarget "HalfCalendarModal" */;
			buildPhases = (
				74818066C19D31499738B350 /* [CP] Check Pods Manifest.lock */,
				54D33C9F269EEB72004312B1 /* Sources */,
				54D33CA0269EEB72004312B1 /* Frameworks */,
				54D33CA1269EEB72004312B1 /* Resources */,
				E633094DA8E6779B4913C4D4 /* [CP] Embed Pods Frameworks */,
			);
			buildRules = (
			);
			dependencies = (
			);
			name = HalfCalendarModal;
			productName = HalfCalendarModal;
			productReference = 54D33CA3269EEB72004312B1 /* HalfCalendarModal.app */;
			productType = "com.apple.product-type.application";
		};
/* End PBXNativeTarget section */

/* Begin PBXProject section */
		54D33C9B269EEB71004312B1 /* Project object */ = {
			isa = PBXProject;
			attributes = {
				LastSwiftUpdateCheck = 1250;
				LastUpgradeCheck = 1250;
				TargetAttributes = {
					54D33CA2269EEB72004312B1 = {
						CreatedOnToolsVersion = 12.5;
					};
				};
			};
			buildConfigurationList = 54D33C9E269EEB71004312B1 /* Build configuration list for PBXProject "HalfCalendarModal" */;
			compatibilityVersion = "Xcode 9.3";
			developmentRegion = en;
			hasScannedForEncodings = 0;
			knownRegions = (
				en,
				Base,
			);
			mainGroup = 54D33C9A269EEB71004312B1;
			productRefGroup = 54D33CA4269EEB72004312B1 /* Products */;
			projectDirPath = "";
			projectRoot = "";
			targets = (
				54D33CA2269EEB72004312B1 /* HalfCalendarModal */,
			);
		};
/* End PBXProject section */

/* Begin PBXResourcesBuildPhase section */
		54D33CA1269EEB72004312B1 /* Resources */ = {
			isa = PBXResourcesBuildPhase;
			buildActionMask = 2147483647;
			files = (
				54D33CB3269EEB76004312B1 /* LaunchScreen.storyboard in Resources */,
				54D33CB0269EEB76004312B1 /* Assets.xcassets in Resources */,
				54D33CBF269EECAD004312B1 /* ModalView.xib in Resources */,
				54D33CAE269EEB72004312B1 /* Main.storyboard in Resources */,
			);
			runOnlyForDeploymentPostprocessing = 0;
		};
/* End PBXResourcesBuildPhase section */

/* Begin PBXShellScriptBuildPhase section */
		74818066C19D31499738B350 /* [CP] Check Pods Manifest.lock */ = {
			isa = PBXShellScriptBuildPhase;
			buildActionMask = 2147483647;
			files = (
			);
			inputFileListPaths = (
			);
			inputPaths = (
				"${PODS_PODFILE_DIR_PATH}/Podfile.lock",
				"${PODS_ROOT}/Manifest.lock",
			);
			name = "[CP] Check Pods Manifest.lock";
			outputFileListPaths = (
			);
			outputPaths = (
				"$(DERIVED_FILE_DIR)/Pods-HalfCalendarModal-checkManifestLockResult.txt",
			);
			runOnlyForDeploymentPostprocessing = 0;
			shellPath = /bin/sh;
			shellScript = "diff \"${PODS_PODFILE_DIR_PATH}/Podfile.lock\" \"${PODS_ROOT}/Manifest.lock\" > /dev/null\nif [ $? != 0 ] ; then\n    # print error to STDERR\n    echo \"error: The sandbox is not in sync with the Podfile.lock. Run 'pod install' or update your CocoaPods installation.\" >&2\n    exit 1\nfi\n# This output is used by Xcode 'outputs' to avoid re-running this script phase.\necho \"SUCCESS\" > \"${SCRIPT_OUTPUT_FILE_0}\"\n";
			showEnvVarsInLog = 0;
		};
		E633094DA8E6779B4913C4D4 /* [CP] Embed Pods Frameworks */ = {
			isa = PBXShellScriptBuildPhase;
			buildActionMask = 2147483647;
			files = (
			);
			inputFileListPaths = (
				"${PODS_ROOT}/Target Support Files/Pods-HalfCalendarModal/Pods-HalfCalendarModal-frameworks-${CONFIGURATION}-input-files.xcfilelist",
			);
			name = "[CP] Embed Pods Frameworks";
			outputFileListPaths = (
				"${PODS_ROOT}/Target Support Files/Pods-HalfCalendarModal/Pods-HalfCalendarModal-frameworks-${CONFIGURATION}-output-files.xcfilelist",
			);
			runOnlyForDeploymentPostprocessing = 0;
			shellPath = /bin/sh;
			shellScript = "\"${PODS_ROOT}/Target Support Files/Pods-HalfCalendarModal/Pods-HalfCalendarModal-frameworks.sh\"\n";
			showEnvVarsInLog = 0;
		};
/* End PBXShellScriptBuildPhase section */

/* Begin PBXSourcesBuildPhase section */
		54D33C9F269EEB72004312B1 /* Sources */ = {
			isa = PBXSourcesBuildPhase;
			buildActionMask = 2147483647;
			files = (
				54D33CAB269EEB72004312B1 /* ViewController.swift in Sources */,
				54D33CA7269EEB72004312B1 /* AppDelegate.swift in Sources */,
				54D33CBD269EECA0004312B1 /* ModalView.swift in Sources */,
				54D33CA9269EEB72004312B1 /* SceneDelegate.swift in Sources */,
				54D33CC4269EED9D004312B1 /* FSCalendarModel.swift in Sources */,
			);
			runOnlyForDeploymentPostprocessing = 0;
		};
/* End PBXSourcesBuildPhase section */

/* Begin PBXVariantGroup section */
		54D33CAC269EEB72004312B1 /* Main.storyboard */ = {
			isa = PBXVariantGroup;
			children = (
				54D33CAD269EEB72004312B1 /* Base */,
			);
			name = Main.storyboard;
			sourceTree = "<group>";
		};
		54D33CB1269EEB76004312B1 /* LaunchScreen.storyboard */ = {
			isa = PBXVariantGroup;
			children = (
				54D33CB2269EEB76004312B1 /* Base */,
			);
			name = LaunchScreen.storyboard;
			sourceTree = "<group>";
		};
/* End PBXVariantGroup section */

/* Begin XCBuildConfiguration section */
		54D33CB5269EEB76004312B1 /* Debug */ = {
			isa = XCBuildConfiguration;
			buildSettings = {
				ALWAYS_SEARCH_USER_PATHS = NO;
				CLANG_ANALYZER_NONNULL = YES;
				CLANG_ANALYZER_NUMBER_OBJECT_CONVERSION = YES_AGGRESSIVE;
				CLANG_CXX_LANGUAGE_STANDARD = "gnu++14";
				CLANG_CXX_LIBRARY = "libc++";
				CLANG_ENABLE_MODULES = YES;
				CLANG_ENABLE_OBJC_ARC = YES;
				CLANG_ENABLE_OBJC_WEAK = YES;
				CLANG_WARN_BLOCK_CAPTURE_AUTORELEASING = YES;
				CLANG_WARN_BOOL_CONVERSION = YES;
				CLANG_WARN_COMMA = YES;
				CLANG_WARN_CONSTANT_CONVERSION = YES;
				CLANG_WARN_DEPRECATED_OBJC_IMPLEMENTATIONS = YES;
				CLANG_WARN_DIRECT_OBJC_ISA_USAGE = YES_ERROR;
				CLANG_WARN_DOCUMENTATION_COMMENTS = YES;
				CLANG_WARN_EMPTY_BODY = YES;
				CLANG_WARN_ENUM_CONVERSION = YES;
				CLANG_WARN_INFINITE_RECURSION = YES;
				CLANG_WARN_INT_CONVERSION = YES;
				CLANG_WARN_NON_LITERAL_NULL_CONVERSION = YES;
				CLANG_WARN_OBJC_IMPLICIT_RETAIN_SELF = YES;
				CLANG_WARN_OBJC_LITERAL_CONVERSION = YES;
				CLANG_WARN_OBJC_ROOT_CLASS = YES_ERROR;
				CLANG_WARN_QUOTED_INCLUDE_IN_FRAMEWORK_HEADER = YES;
				CLANG_WARN_RANGE_LOOP_ANALYSIS = YES;
				CLANG_WARN_STRICT_PROTOTYPES = YES;
				CLANG_WARN_SUSPICIOUS_MOVE = YES;
				CLANG_WARN_UNGUARDED_AVAILABILITY = YES_AGGRESSIVE;
				CLANG_WARN_UNREACHABLE_CODE = YES;
				CLANG_WARN__DUPLICATE_METHOD_MATCH = YES;
				COPY_PHASE_STRIP = NO;
				DEBUG_INFORMATION_FORMAT = dwarf;
				ENABLE_STRICT_OBJC_MSGSEND = YES;
				ENABLE_TESTABILITY = YES;
				GCC_C_LANGUAGE_STANDARD = gnu11;
				GCC_DYNAMIC_NO_PIC = NO;
				GCC_NO_COMMON_BLOCKS = YES;
				GCC_OPTIMIZATION_LEVEL = 0;
				GCC_PREPROCESSOR_DEFINITIONS = (
					"DEBUG=1",
					"$(inherited)",
				);
				GCC_WARN_64_TO_32_BIT_CONVERSION = YES;
				GCC_WARN_ABOUT_RETURN_TYPE = YES_ERROR;
				GCC_WARN_UNDECLARED_SELECTOR = YES;
				GCC_WARN_UNINITIALIZED_AUTOS = YES_AGGRESSIVE;
				GCC_WARN_UNUSED_FUNCTION = YES;
				GCC_WARN_UNUSED_VARIABLE = YES;
				IPHONEOS_DEPLOYMENT_TARGET = 14.5;
				MTL_ENABLE_DEBUG_INFO = INCLUDE_SOURCE;
				MTL_FAST_MATH = YES;
				ONLY_ACTIVE_ARCH = YES;
				SDKROOT = iphoneos;
				SWIFT_ACTIVE_COMPILATION_CONDITIONS = DEBUG;
				SWIFT_OPTIMIZATION_LEVEL = "-Onone";
			};
			name = Debug;
		};
		54D33CB6269EEB76004312B1 /* Release */ = {
			isa = XCBuildConfiguration;
			buildSettings = {
				ALWAYS_SEARCH_USER_PATHS = NO;
				CLANG_ANALYZER_NONNULL = YES;
				CLANG_ANALYZER_NUMBER_OBJECT_CONVERSION = YES_AGGRESSIVE;
				CLANG_CXX_LANGUAGE_STANDARD = "gnu++14";
				CLANG_CXX_LIBRARY = "libc++";
				CLANG_ENABLE_MODULES = YES;
				CLANG_ENABLE_OBJC_ARC = YES;
				CLANG_ENABLE_OBJC_WEAK = YES;
				CLANG_WARN_BLOCK_CAPTURE_AUTORELEASING = YES;
				CLANG_WARN_BOOL_CONVERSION = YES;
				CLANG_WARN_COMMA = YES;
				CLANG_WARN_CONSTANT_CONVERSION = YES;
				CLANG_WARN_DEPRECATED_OBJC_IMPLEMENTATIONS = YES;
				CLANG_WARN_DIRECT_OBJC_ISA_USAGE = YES_ERROR;
				CLANG_WARN_DOCUMENTATION_COMMENTS = YES;
				CLANG_WARN_EMPTY_BODY = YES;
				CLANG_WARN_ENUM_CONVERSION = YES;
				CLANG_WARN_INFINITE_RECURSION = YES;
				CLANG_WARN_INT_CONVERSION = YES;
				CLANG_WARN_NON_LITERAL_NULL_CONVERSION = YES;
				CLANG_WARN_OBJC_IMPLICIT_RETAIN_SELF = YES;
				CLANG_WARN_OBJC_LITERAL_CONVERSION = YES;
				CLANG_WARN_OBJC_ROOT_CLASS = YES_ERROR;
				CLANG_WARN_QUOTED_INCLUDE_IN_FRAMEWORK_HEADER = YES;
				CLANG_WARN_RANGE_LOOP_ANALYSIS = YES;
				CLANG_WARN_STRICT_PROTOTYPES = YES;
				CLANG_WARN_SUSPICIOUS_MOVE = YES;
				CLANG_WARN_UNGUARDED_AVAILABILITY = YES_AGGRESSIVE;
				CLANG_WARN_UNREACHABLE_CODE = YES;
				CLANG_WARN__DUPLICATE_METHOD_MATCH = YES;
				COPY_PHASE_STRIP = NO;
				DEBUG_INFORMATION_FORMAT = "dwarf-with-dsym";
				ENABLE_NS_ASSERTIONS = NO;
				ENABLE_STRICT_OBJC_MSGSEND = YES;
				GCC_C_LANGUAGE_STANDARD = gnu11;
				GCC_NO_COMMON_BLOCKS = YES;
				GCC_WARN_64_TO_32_BIT_CONVERSION = YES;
				GCC_WARN_ABOUT_RETURN_TYPE = YES_ERROR;
				GCC_WARN_UNDECLARED_SELECTOR = YES;
				GCC_WARN_UNINITIALIZED_AUTOS = YES_AGGRESSIVE;
				GCC_WARN_UNUSED_FUNCTION = YES;
				GCC_WARN_UNUSED_VARIABLE = YES;
				IPHONEOS_DEPLOYMENT_TARGET = 14.5;
				MTL_ENABLE_DEBUG_INFO = NO;
				MTL_FAST_MATH = YES;
				SDKROOT = iphoneos;
				SWIFT_COMPILATION_MODE = wholemodule;
				SWIFT_OPTIMIZATION_LEVEL = "-O";
				VALIDATE_PRODUCT = YES;
			};
			name = Release;
		};
		54D33CB8269EEB76004312B1 /* Debug */ = {
			isa = XCBuildConfiguration;
			baseConfigurationReference = D729AF326BC265370D8815AE /* Pods-HalfCalendarModal.debug.xcconfig */;
			buildSettings = {
				ASSETCATALOG_COMPILER_APPICON_NAME = AppIcon;
				ASSETCATALOG_COMPILER_GLOBAL_ACCENT_COLOR_NAME = AccentColor;
				CODE_SIGN_STYLE = Automatic;
				INFOPLIST_FILE = HalfCalendarModal/Info.plist;
				LD_RUNPATH_SEARCH_PATHS = (
					"$(inherited)",
					"@executable_path/Frameworks",
				);
				PRODUCT_BUNDLE_IDENTIFIER = com.HalfCalendar.HalfCalendarModal;
				PRODUCT_NAME = "$(TARGET_NAME)";
				SWIFT_VERSION = 5.0;
				TARGETED_DEVICE_FAMILY = 1;
			};
			name = Debug;
		};
		54D33CB9269EEB76004312B1 /* Release */ = {
			isa = XCBuildConfiguration;
			baseConfigurationReference = CB2EA1FAA04CFC675E2B0ACC /* Pods-HalfCalendarModal.release.xcconfig */;
			buildSettings = {
				ASSETCATALOG_COMPILER_APPICON_NAME = AppIcon;
				ASSETCATALOG_COMPILER_GLOBAL_ACCENT_COLOR_NAME = AccentColor;
				CODE_SIGN_STYLE = Automatic;
				INFOPLIST_FILE = HalfCalendarModal/Info.plist;
				LD_RUNPATH_SEARCH_PATHS = (
					"$(inherited)",
					"@executable_path/Frameworks",
				);
				PRODUCT_BUNDLE_IDENTIFIER = com.HalfCalendar.HalfCalendarModal;
				PRODUCT_NAME = "$(TARGET_NAME)";
				SWIFT_VERSION = 5.0;
				TARGETED_DEVICE_FAMILY = 1;
			};
			name = Release;
		};
/* End XCBuildConfiguration section */

/* Begin XCConfigurationList section */
		54D33C9E269EEB71004312B1 /* Build configuration list for PBXProject "HalfCalendarModal" */ = {
			isa = XCConfigurationList;
			buildConfigurations = (
				54D33CB5269EEB76004312B1 /* Debug */,
				54D33CB6269EEB76004312B1 /* Release */,
			);
			defaultConfigurationIsVisible = 0;
			defaultConfigurationName = Release;
		};
		54D33CB7269EEB76004312B1 /* Build configuration list for PBXNativeTarget "HalfCalendarModal" */ = {
			isa = XCConfigurationList;
			buildConfigurations = (
				54D33CB8269EEB76004312B1 /* Debug */,
				54D33CB9269EEB76004312B1 /* Release */,
			);
			defaultConfigurationIsVisible = 0;
			defaultConfigurationName = Release;
		};
/* End XCConfigurationList section */
	};
	rootObject = 54D33C9B269EEB71004312B1 /* Project object */;
}
